// !$*UTF8*$!
{
	archiveVersion = 1;
	classes = {
	};
	objectVersion = 46;
	objects = {

/* Begin PBXBuildFile section */
		2F165E751E47A9A000300A67 /* PostViewController.swift in Sources */ = {isa = PBXBuildFile; fileRef = 2F165E741E47A9A000300A67 /* PostViewController.swift */; };
		2F48B3451E47F61800E5276E /* PostCollectionViewCell.swift in Sources */ = {isa = PBXBuildFile; fileRef = 2F48B3441E47F61800E5276E /* PostCollectionViewCell.swift */; };
		2F48B3471E47F77000E5276E /* FeedViewController.swift in Sources */ = {isa = PBXBuildFile; fileRef = 2F48B3461E47F77000E5276E /* FeedViewController.swift */; };
		2F83780F1E4522D800C724D9 /* RegisterViewController.swift in Sources */ = {isa = PBXBuildFile; fileRef = 2F83780E1E4522D800C724D9 /* RegisterViewController.swift */; };
		2FB9E9691E4BFDC80050F8AC /* ProfileViewController.swift in Sources */ = {isa = PBXBuildFile; fileRef = 2FB9E9681E4BFDC80050F8AC /* ProfileViewController.swift */; };
		2FB9E96F1E4C06830050F8AC /* MainTabBarController.swift in Sources */ = {isa = PBXBuildFile; fileRef = 2FB9E96E1E4C06830050F8AC /* MainTabBarController.swift */; };
		34231EC01E3FF2A800905367 /* AppDelegate.swift in Sources */ = {isa = PBXBuildFile; fileRef = 34231EBF1E3FF2A800905367 /* AppDelegate.swift */; };
		34231EC51E3FF2A800905367 /* Main.storyboard in Resources */ = {isa = PBXBuildFile; fileRef = 34231EC31E3FF2A800905367 /* Main.storyboard */; };
		34231EC71E3FF2A800905367 /* Assets.xcassets in Resources */ = {isa = PBXBuildFile; fileRef = 34231EC61E3FF2A800905367 /* Assets.xcassets */; };
		34231ECA1E3FF2A800905367 /* LaunchScreen.storyboard in Resources */ = {isa = PBXBuildFile; fileRef = 34231EC81E3FF2A800905367 /* LaunchScreen.storyboard */; };
		3426D9AE1E4A70F80028E5C6 /* CommentTableViewCell.swift in Sources */ = {isa = PBXBuildFile; fileRef = 3426D9AD1E4A70F80028E5C6 /* CommentTableViewCell.swift */; };
		342B59D51E4797CB001ACFB1 /* LoginViewController.swift in Sources */ = {isa = PBXBuildFile; fileRef = 342B59D41E4797CB001ACFB1 /* LoginViewController.swift */; };
		3432D9B11E46B3C6001C121A /* PrimaryViewController.swift in Sources */ = {isa = PBXBuildFile; fileRef = 3432D9B01E46B3C6001C121A /* PrimaryViewController.swift */; };
		3489997E1E560E47008FCB05 /* KuvaUITests.swift in Sources */ = {isa = PBXBuildFile; fileRef = 3489997D1E560E47008FCB05 /* KuvaUITests.swift */; };
		348DD3E51E4A164400FECEF1 /* PostDetailViewController.swift in Sources */ = {isa = PBXBuildFile; fileRef = 348DD3E41E4A164400FECEF1 /* PostDetailViewController.swift */; };
		34DD80B31E46886300C49E59 /* ForgotPasswordViewController.swift in Sources */ = {isa = PBXBuildFile; fileRef = 34DD80B21E46886300C49E59 /* ForgotPasswordViewController.swift */; };
		FE5194A3A7547E3A85A1FAB9 /* Pods_Kuva.framework in Frameworks */ = {isa = PBXBuildFile; fileRef = 00271136C52F3F43E8C06C30 /* Pods_Kuva.framework */; };
/* End PBXBuildFile section */

/* Begin PBXContainerItemProxy section */
		348999801E560E47008FCB05 /* PBXContainerItemProxy */ = {
			isa = PBXContainerItemProxy;
			containerPortal = 34231EB41E3FF2A800905367 /* Project object */;
			proxyType = 1;
			remoteGlobalIDString = 34231EBB1E3FF2A800905367;
			remoteInfo = Kuva;
		};
/* End PBXContainerItemProxy section */

/* Begin PBXFileReference section */
		00271136C52F3F43E8C06C30 /* Pods_Kuva.framework */ = {isa = PBXFileReference; explicitFileType = wrapper.framework; includeInIndex = 0; path = Pods_Kuva.framework; sourceTree = BUILT_PRODUCTS_DIR; };
		2703CACDCE9FDF7DDDB324B9 /* Pods-Kuva.debug.xcconfig */ = {isa = PBXFileReference; includeInIndex = 1; lastKnownFileType = text.xcconfig; name = "Pods-Kuva.debug.xcconfig"; path = "Pods/Target Support Files/Pods-Kuva/Pods-Kuva.debug.xcconfig"; sourceTree = "<group>"; };
		2F165E741E47A9A000300A67 /* PostViewController.swift */ = {isa = PBXFileReference; fileEncoding = 4; lastKnownFileType = sourcecode.swift; path = PostViewController.swift; sourceTree = "<group>"; };
		2F48B3441E47F61800E5276E /* PostCollectionViewCell.swift */ = {isa = PBXFileReference; fileEncoding = 4; lastKnownFileType = sourcecode.swift; path = PostCollectionViewCell.swift; sourceTree = "<group>"; };
		2F48B3461E47F77000E5276E /* FeedViewController.swift */ = {isa = PBXFileReference; fileEncoding = 4; lastKnownFileType = sourcecode.swift; path = FeedViewController.swift; sourceTree = "<group>"; };
		2F83780E1E4522D800C724D9 /* RegisterViewController.swift */ = {isa = PBXFileReference; fileEncoding = 4; lastKnownFileType = sourcecode.swift; path = RegisterViewController.swift; sourceTree = "<group>"; };
		2FB9E9681E4BFDC80050F8AC /* ProfileViewController.swift */ = {isa = PBXFileReference; fileEncoding = 4; lastKnownFileType = sourcecode.swift; path = ProfileViewController.swift; sourceTree = "<group>"; };
		2FB9E96E1E4C06830050F8AC /* MainTabBarController.swift */ = {isa = PBXFileReference; fileEncoding = 4; lastKnownFileType = sourcecode.swift; path = MainTabBarController.swift; sourceTree = "<group>"; };
		34231EBC1E3FF2A800905367 /* Kuva.app */ = {isa = PBXFileReference; explicitFileType = wrapper.application; includeInIndex = 0; path = Kuva.app; sourceTree = BUILT_PRODUCTS_DIR; };
		34231EBF1E3FF2A800905367 /* AppDelegate.swift */ = {isa = PBXFileReference; lastKnownFileType = sourcecode.swift; path = AppDelegate.swift; sourceTree = "<group>"; };
		34231EC41E3FF2A800905367 /* Base */ = {isa = PBXFileReference; lastKnownFileType = file.storyboard; name = Base; path = Base.lproj/Main.storyboard; sourceTree = "<group>"; };
		34231EC61E3FF2A800905367 /* Assets.xcassets */ = {isa = PBXFileReference; lastKnownFileType = folder.assetcatalog; path = Assets.xcassets; sourceTree = "<group>"; };
		34231EC91E3FF2A800905367 /* Base */ = {isa = PBXFileReference; lastKnownFileType = file.storyboard; name = Base; path = Base.lproj/LaunchScreen.storyboard; sourceTree = "<group>"; };
		34231ECB1E3FF2A800905367 /* Info.plist */ = {isa = PBXFileReference; lastKnownFileType = text.plist.xml; path = Info.plist; sourceTree = "<group>"; };
		3426D9AD1E4A70F80028E5C6 /* CommentTableViewCell.swift */ = {isa = PBXFileReference; fileEncoding = 4; lastKnownFileType = sourcecode.swift; path = CommentTableViewCell.swift; sourceTree = "<group>"; };
		342B59D41E4797CB001ACFB1 /* LoginViewController.swift */ = {isa = PBXFileReference; fileEncoding = 4; lastKnownFileType = sourcecode.swift; path = LoginViewController.swift; sourceTree = "<group>"; };
		3432D9B01E46B3C6001C121A /* PrimaryViewController.swift */ = {isa = PBXFileReference; fileEncoding = 4; lastKnownFileType = sourcecode.swift; path = PrimaryViewController.swift; sourceTree = "<group>"; };
		3489997B1E560E47008FCB05 /* KuvaUITests.xctest */ = {isa = PBXFileReference; explicitFileType = wrapper.cfbundle; includeInIndex = 0; path = KuvaUITests.xctest; sourceTree = BUILT_PRODUCTS_DIR; };
		3489997D1E560E47008FCB05 /* KuvaUITests.swift */ = {isa = PBXFileReference; lastKnownFileType = sourcecode.swift; path = KuvaUITests.swift; sourceTree = "<group>"; };
		3489997F1E560E47008FCB05 /* Info.plist */ = {isa = PBXFileReference; lastKnownFileType = text.plist.xml; path = Info.plist; sourceTree = "<group>"; };
		348DD3E41E4A164400FECEF1 /* PostDetailViewController.swift */ = {isa = PBXFileReference; fileEncoding = 4; lastKnownFileType = sourcecode.swift; path = PostDetailViewController.swift; sourceTree = "<group>"; };
		34DD80B21E46886300C49E59 /* ForgotPasswordViewController.swift */ = {isa = PBXFileReference; fileEncoding = 4; lastKnownFileType = sourcecode.swift; path = ForgotPasswordViewController.swift; sourceTree = "<group>"; };
		3AABB1DD9D2D81C525B9488F /* Pods-Kuva.release.xcconfig */ = {isa = PBXFileReference; includeInIndex = 1; lastKnownFileType = text.xcconfig; name = "Pods-Kuva.release.xcconfig"; path = "Pods/Target Support Files/Pods-Kuva/Pods-Kuva.release.xcconfig"; sourceTree = "<group>"; };
/* End PBXFileReference section */

/* Begin PBXFrameworksBuildPhase section */
		34231EB91E3FF2A800905367 /* Frameworks */ = {
			isa = PBXFrameworksBuildPhase;
			buildActionMask = 2147483647;
			files = (
				FE5194A3A7547E3A85A1FAB9 /* Pods_Kuva.framework in Frameworks */,
			);
			runOnlyForDeploymentPostprocessing = 0;
		};
		348999781E560E47008FCB05 /* Frameworks */ = {
			isa = PBXFrameworksBuildPhase;
			buildActionMask = 2147483647;
			files = (
			);
			runOnlyForDeploymentPostprocessing = 0;
		};
/* End PBXFrameworksBuildPhase section */

/* Begin PBXGroup section */
		34231EB31E3FF2A800905367 = {
			isa = PBXGroup;
			children = (
				34231EBE1E3FF2A800905367 /* Kuva */,
				3489997C1E560E47008FCB05 /* KuvaUITests */,
				34231EBD1E3FF2A800905367 /* Products */,
				3A1AEDC98E88FE9E8E2C4AFC /* Pods */,
				D069023043ED5352AA7D202A /* Frameworks */,
			);
			sourceTree = "<group>";
		};
		34231EBD1E3FF2A800905367 /* Products */ = {
			isa = PBXGroup;
			children = (
				34231EBC1E3FF2A800905367 /* Kuva.app */,
				3489997B1E560E47008FCB05 /* KuvaUITests.xctest */,
			);
			name = Products;
			sourceTree = "<group>";
		};
		34231EBE1E3FF2A800905367 /* Kuva */ = {
			isa = PBXGroup;
			children = (
				2FB9E96E1E4C06830050F8AC /* MainTabBarController.swift */,
				34231EBF1E3FF2A800905367 /* AppDelegate.swift */,
				342B59D41E4797CB001ACFB1 /* LoginViewController.swift */,
				2F83780E1E4522D800C724D9 /* RegisterViewController.swift */,
				2F165E741E47A9A000300A67 /* PostViewController.swift */,
				3426D9AD1E4A70F80028E5C6 /* CommentTableViewCell.swift */,
				2F48B3461E47F77000E5276E /* FeedViewController.swift */,
				34DD80B21E46886300C49E59 /* ForgotPasswordViewController.swift */,
				348DD3E41E4A164400FECEF1 /* PostDetailViewController.swift */,
				3432D9B01E46B3C6001C121A /* PrimaryViewController.swift */,
				2F48B3441E47F61800E5276E /* PostCollectionViewCell.swift */,
				2FB9E9681E4BFDC80050F8AC /* ProfileViewController.swift */,
				34231EC31E3FF2A800905367 /* Main.storyboard */,
				34231EC61E3FF2A800905367 /* Assets.xcassets */,
				34231EC81E3FF2A800905367 /* LaunchScreen.storyboard */,
				34231ECB1E3FF2A800905367 /* Info.plist */,
			);
			path = Kuva;
			sourceTree = "<group>";
		};
		3489997C1E560E47008FCB05 /* KuvaUITests */ = {
			isa = PBXGroup;
			children = (
				3489997D1E560E47008FCB05 /* KuvaUITests.swift */,
				3489997F1E560E47008FCB05 /* Info.plist */,
			);
			path = KuvaUITests;
			sourceTree = "<group>";
		};
		3A1AEDC98E88FE9E8E2C4AFC /* Pods */ = {
			isa = PBXGroup;
			children = (
				2703CACDCE9FDF7DDDB324B9 /* Pods-Kuva.debug.xcconfig */,
				3AABB1DD9D2D81C525B9488F /* Pods-Kuva.release.xcconfig */,
			);
			name = Pods;
			sourceTree = "<group>";
		};
		D069023043ED5352AA7D202A /* Frameworks */ = {
			isa = PBXGroup;
			children = (
				00271136C52F3F43E8C06C30 /* Pods_Kuva.framework */,
			);
			name = Frameworks;
			sourceTree = "<group>";
		};
/* End PBXGroup section */

/* Begin PBXNativeTarget section */
		34231EBB1E3FF2A800905367 /* Kuva */ = {
			isa = PBXNativeTarget;
			buildConfigurationList = 34231ECE1E3FF2A800905367 /* Build configuration list for PBXNativeTarget "Kuva" */;
			buildPhases = (
				7CE4336E3335F5B4858A516B /* [CP] Check Pods Manifest.lock */,
				34231EB81E3FF2A800905367 /* Sources */,
				34231EB91E3FF2A800905367 /* Frameworks */,
				34231EBA1E3FF2A800905367 /* Resources */,
				A033E66338C7A5BC18BF188C /* [CP] Embed Pods Frameworks */,
				5ABC6085362371302EBBA30C /* [CP] Copy Pods Resources */,
			);
			buildRules = (
			);
			dependencies = (
			);
			name = Kuva;
			productName = Kuva;
			productReference = 34231EBC1E3FF2A800905367 /* Kuva.app */;
			productType = "com.apple.product-type.application";
		};
		3489997A1E560E47008FCB05 /* KuvaUITests */ = {
			isa = PBXNativeTarget;
			buildConfigurationList = 348999821E560E47008FCB05 /* Build configuration list for PBXNativeTarget "KuvaUITests" */;
			buildPhases = (
				348999771E560E47008FCB05 /* Sources */,
				348999781E560E47008FCB05 /* Frameworks */,
				348999791E560E47008FCB05 /* Resources */,
			);
			buildRules = (
			);
			dependencies = (
				348999811E560E47008FCB05 /* PBXTargetDependency */,
			);
			name = KuvaUITests;
			productName = KuvaUITests;
			productReference = 3489997B1E560E47008FCB05 /* KuvaUITests.xctest */;
			productType = "com.apple.product-type.bundle.ui-testing";
		};
/* End PBXNativeTarget section */

/* Begin PBXProject section */
		34231EB41E3FF2A800905367 /* Project object */ = {
			isa = PBXProject;
			attributes = {
				LastSwiftUpdateCheck = 0820;
				LastUpgradeCheck = 0820;
				ORGANIZATIONNAME = kuva;
				TargetAttributes = {
					34231EBB1E3FF2A800905367 = {
						CreatedOnToolsVersion = 8.2.1;
						DevelopmentTeam = F6E5E2Y5US;
						ProvisioningStyle = Automatic;
					};
					3489997A1E560E47008FCB05 = {
						CreatedOnToolsVersion = 8.2.1;
						DevelopmentTeam = F6E5E2Y5US;
						ProvisioningStyle = Automatic;
						TestTargetID = 34231EBB1E3FF2A800905367;
					};
				};
			};
			buildConfigurationList = 34231EB71E3FF2A800905367 /* Build configuration list for PBXProject "Kuva" */;
			compatibilityVersion = "Xcode 3.2";
			developmentRegion = English;
			hasScannedForEncodings = 0;
			knownRegions = (
				en,
				Base,
			);
			mainGroup = 34231EB31E3FF2A800905367;
			productRefGroup = 34231EBD1E3FF2A800905367 /* Products */;
			projectDirPath = "";
			projectRoot = "";
			targets = (
				34231EBB1E3FF2A800905367 /* Kuva */,
				3489997A1E560E47008FCB05 /* KuvaUITests */,
			);
		};
/* End PBXProject section */

/* Begin PBXResourcesBuildPhase section */
		34231EBA1E3FF2A800905367 /* Resources */ = {
			isa = PBXResourcesBuildPhase;
			buildActionMask = 2147483647;
			files = (
				34231ECA1E3FF2A800905367 /* LaunchScreen.storyboard in Resources */,
				34231EC71E3FF2A800905367 /* Assets.xcassets in Resources */,
				34231EC51E3FF2A800905367 /* Main.storyboard in Resources */,
			);
			runOnlyForDeploymentPostprocessing = 0;
		};
		348999791E560E47008FCB05 /* Resources */ = {
			isa = PBXResourcesBuildPhase;
			buildActionMask = 2147483647;
			files = (
			);
			runOnlyForDeploymentPostprocessing = 0;
		};
/* End PBXResourcesBuildPhase section */

/* Begin PBXShellScriptBuildPhase section */
		5ABC6085362371302EBBA30C /* [CP] Copy Pods Resources */ = {
			isa = PBXShellScriptBuildPhase;
			buildActionMask = 2147483647;
			files = (
			);
			inputPaths = (
			);
			name = "[CP] Copy Pods Resources";
			outputPaths = (
			);
			runOnlyForDeploymentPostprocessing = 0;
			shellPath = /bin/sh;
			shellScript = "\"${SRCROOT}/Pods/Target Support Files/Pods-Kuva/Pods-Kuva-resources.sh\"\n";
			showEnvVarsInLog = 0;
		};
		7CE4336E3335F5B4858A516B /* [CP] Check Pods Manifest.lock */ = {
			isa = PBXShellScriptBuildPhase;
			buildActionMask = 2147483647;
			files = (
			);
			inputPaths = (
			);
			name = "[CP] Check Pods Manifest.lock";
			outputPaths = (
			);
			runOnlyForDeploymentPostprocessing = 0;
			shellPath = /bin/sh;
			shellScript = "diff \"${PODS_ROOT}/../Podfile.lock\" \"${PODS_ROOT}/Manifest.lock\" > /dev/null\nif [ $? != 0 ] ; then\n    # print error to STDERR\n    echo \"error: The sandbox is not in sync with the Podfile.lock. Run 'pod install' or update your CocoaPods installation.\" >&2\n    exit 1\nfi\n";
			showEnvVarsInLog = 0;
		};
		A033E66338C7A5BC18BF188C /* [CP] Embed Pods Frameworks */ = {
			isa = PBXShellScriptBuildPhase;
			buildActionMask = 2147483647;
			files = (
			);
			inputPaths = (
			);
			name = "[CP] Embed Pods Frameworks";
			outputPaths = (
			);
			runOnlyForDeploymentPostprocessing = 0;
			shellPath = /bin/sh;
			shellScript = "\"${SRCROOT}/Pods/Target Support Files/Pods-Kuva/Pods-Kuva-frameworks.sh\"\n";
			showEnvVarsInLog = 0;
		};
/* End PBXShellScriptBuildPhase section */

/* Begin PBXSourcesBuildPhase section */
		34231EB81E3FF2A800905367 /* Sources */ = {
			isa = PBXSourcesBuildPhase;
			buildActionMask = 2147483647;
			files = (
				2F165E751E47A9A000300A67 /* PostViewController.swift in Sources */,
				342B59D51E4797CB001ACFB1 /* LoginViewController.swift in Sources */,
				2FB9E96F1E4C06830050F8AC /* MainTabBarController.swift in Sources */,
				34DD80B31E46886300C49E59 /* ForgotPasswordViewController.swift in Sources */,
				3432D9B11E46B3C6001C121A /* PrimaryViewController.swift in Sources */,
				348DD3E51E4A164400FECEF1 /* PostDetailViewController.swift in Sources */,
				2F83780F1E4522D800C724D9 /* RegisterViewController.swift in Sources */,
				2FB9E9691E4BFDC80050F8AC /* ProfileViewController.swift in Sources */,
				2F48B3451E47F61800E5276E /* PostCollectionViewCell.swift in Sources */,
				3426D9AE1E4A70F80028E5C6 /* CommentTableViewCell.swift in Sources */,
				2F48B3471E47F77000E5276E /* FeedViewController.swift in Sources */,
				34231EC01E3FF2A800905367 /* AppDelegate.swift in Sources */,
			);
			runOnlyForDeploymentPostprocessing = 0;
		};
		348999771E560E47008FCB05 /* Sources */ = {
			isa = PBXSourcesBuildPhase;
			buildActionMask = 2147483647;
			files = (
				3489997E1E560E47008FCB05 /* KuvaUITests.swift in Sources */,
			);
			runOnlyForDeploymentPostprocessing = 0;
		};
/* End PBXSourcesBuildPhase section */

/* Begin PBXTargetDependency section */
		348999811E560E47008FCB05 /* PBXTargetDependency */ = {
			isa = PBXTargetDependency;
			target = 34231EBB1E3FF2A800905367 /* Kuva */;
			targetProxy = 348999801E560E47008FCB05 /* PBXContainerItemProxy */;
		};
/* End PBXTargetDependency section */

/* Begin PBXVariantGroup section */
		34231EC31E3FF2A800905367 /* Main.storyboard */ = {
			isa = PBXVariantGroup;
			children = (
				34231EC41E3FF2A800905367 /* Base */,
			);
			name = Main.storyboard;
			sourceTree = "<group>";
		};
		34231EC81E3FF2A800905367 /* LaunchScreen.storyboard */ = {
			isa = PBXVariantGroup;
			children = (
				34231EC91E3FF2A800905367 /* Base */,
			);
			name = LaunchScreen.storyboard;
			sourceTree = "<group>";
		};
/* End PBXVariantGroup section */

/* Begin XCBuildConfiguration section */
		34231ECC1E3FF2A800905367 /* Debug */ = {
			isa = XCBuildConfiguration;
			buildSettings = {
				ALWAYS_SEARCH_USER_PATHS = NO;
				CLANG_ANALYZER_NONNULL = YES;
				CLANG_CXX_LANGUAGE_STANDARD = "gnu++0x";
				CLANG_CXX_LIBRARY = "libc++";
				CLANG_ENABLE_MODULES = YES;
				CLANG_ENABLE_OBJC_ARC = YES;
				CLANG_WARN_BOOL_CONVERSION = YES;
				CLANG_WARN_CONSTANT_CONVERSION = YES;
				CLANG_WARN_DIRECT_OBJC_ISA_USAGE = YES_ERROR;
				CLANG_WARN_DOCUMENTATION_COMMENTS = YES;
				CLANG_WARN_EMPTY_BODY = YES;
				CLANG_WARN_ENUM_CONVERSION = YES;
				CLANG_WARN_INFINITE_RECURSION = YES;
				CLANG_WARN_INT_CONVERSION = YES;
				CLANG_WARN_OBJC_ROOT_CLASS = YES_ERROR;
				CLANG_WARN_SUSPICIOUS_MOVE = YES;
				CLANG_WARN_UNREACHABLE_CODE = YES;
				CLANG_WARN__DUPLICATE_METHOD_MATCH = YES;
				"CODE_SIGN_IDENTITY[sdk=iphoneos*]" = "iPhone Developer";
				COPY_PHASE_STRIP = NO;
				DEBUG_INFORMATION_FORMAT = dwarf;
				ENABLE_STRICT_OBJC_MSGSEND = YES;
				ENABLE_TESTABILITY = YES;
				GCC_C_LANGUAGE_STANDARD = gnu99;
				GCC_DYNAMIC_NO_PIC = NO;
				GCC_NO_COMMON_BLOCKS = YES;
				GCC_OPTIMIZATION_LEVEL = 0;
				GCC_PREPROCESSOR_DEFINITIONS = (
					"DEBUG=1",
					"$(inherited)",
				);
				GCC_WARN_64_TO_32_BIT_CONVERSION = YES;
				GCC_WARN_ABOUT_RETURN_TYPE = YES_ERROR;
				GCC_WARN_UNDECLARED_SELECTOR = YES;
				GCC_WARN_UNINITIALIZED_AUTOS = YES_AGGRESSIVE;
				GCC_WARN_UNUSED_FUNCTION = YES;
				GCC_WARN_UNUSED_VARIABLE = YES;
				IPHONEOS_DEPLOYMENT_TARGET = 10.2;
				MTL_ENABLE_DEBUG_INFO = YES;
				ONLY_ACTIVE_ARCH = YES;
				SDKROOT = iphoneos;
				SWIFT_ACTIVE_COMPILATION_CONDITIONS = DEBUG;
				SWIFT_OPTIMIZATION_LEVEL = "-Onone";
				TARGETED_DEVICE_FAMILY = "1,2";
			};
			name = Debug;
		};
		34231ECD1E3FF2A800905367 /* Release */ = {
			isa = XCBuildConfiguration;
			buildSettings = {
				ALWAYS_SEARCH_USER_PATHS = NO;
				CLANG_ANALYZER_NONNULL = YES;
				CLANG_CXX_LANGUAGE_STANDARD = "gnu++0x";
				CLANG_CXX_LIBRARY = "libc++";
				CLANG_ENABLE_MODULES = YES;
				CLANG_ENABLE_OBJC_ARC = YES;
				CLANG_WARN_BOOL_CONVERSION = YES;
				CLANG_WARN_CONSTANT_CONVERSION = YES;
				CLANG_WARN_DIRECT_OBJC_ISA_USAGE = YES_ERROR;
				CLANG_WARN_DOCUMENTATION_COMMENTS = YES;
				CLANG_WARN_EMPTY_BODY = YES;
				CLANG_WARN_ENUM_CONVERSION = YES;
				CLANG_WARN_INFINITE_RECURSION = YES;
				CLANG_WARN_INT_CONVERSION = YES;
				CLANG_WARN_OBJC_ROOT_CLASS = YES_ERROR;
				CLANG_WARN_SUSPICIOUS_MOVE = YES;
				CLANG_WARN_UNREACHABLE_CODE = YES;
				CLANG_WARN__DUPLICATE_METHOD_MATCH = YES;
				"CODE_SIGN_IDENTITY[sdk=iphoneos*]" = "iPhone Developer";
				COPY_PHASE_STRIP = NO;
				DEBUG_INFORMATION_FORMAT = "dwarf-with-dsym";
				ENABLE_NS_ASSERTIONS = NO;
				ENABLE_STRICT_OBJC_MSGSEND = YES;
				GCC_C_LANGUAGE_STANDARD = gnu99;
				GCC_NO_COMMON_BLOCKS = YES;
				GCC_WARN_64_TO_32_BIT_CONVERSION = YES;
				GCC_WARN_ABOUT_RETURN_TYPE = YES_ERROR;
				GCC_WARN_UNDECLARED_SELECTOR = YES;
				GCC_WARN_UNINITIALIZED_AUTOS = YES_AGGRESSIVE;
				GCC_WARN_UNUSED_FUNCTION = YES;
				GCC_WARN_UNUSED_VARIABLE = YES;
				IPHONEOS_DEPLOYMENT_TARGET = 10.2;
				MTL_ENABLE_DEBUG_INFO = NO;
				SDKROOT = iphoneos;
				SWIFT_OPTIMIZATION_LEVEL = "-Owholemodule";
				TARGETED_DEVICE_FAMILY = "1,2";
				VALIDATE_PRODUCT = YES;
			};
			name = Release;
		};
		34231ECF1E3FF2A800905367 /* Debug */ = {
			isa = XCBuildConfiguration;
			baseConfigurationReference = 2703CACDCE9FDF7DDDB324B9 /* Pods-Kuva.debug.xcconfig */;
			buildSettings = {
				ASSETCATALOG_COMPILER_APPICON_NAME = AppIcon;
				DEVELOPMENT_TEAM = F6E5E2Y5US;
				INFOPLIST_FILE = Kuva/Info.plist;
				LD_RUNPATH_SEARCH_PATHS = "$(inherited) @executable_path/Frameworks";
				PRODUCT_BUNDLE_IDENTIFIER = edu.purdue.mess.Kuva;
				PRODUCT_NAME = "$(TARGET_NAME)";
				SWIFT_VERSION = 3.0;
			};
			name = Debug;
		};
		34231ED01E3FF2A800905367 /* Release */ = {
			isa = XCBuildConfiguration;
			baseConfigurationReference = 3AABB1DD9D2D81C525B9488F /* Pods-Kuva.release.xcconfig */;
			buildSettings = {
				ASSETCATALOG_COMPILER_APPICON_NAME = AppIcon;
				DEVELOPMENT_TEAM = F6E5E2Y5US;
				INFOPLIST_FILE = Kuva/Info.plist;
				LD_RUNPATH_SEARCH_PATHS = "$(inherited) @executable_path/Frameworks";
				PRODUCT_BUNDLE_IDENTIFIER = edu.purdue.mess.Kuva;
				PRODUCT_NAME = "$(TARGET_NAME)";
				SWIFT_VERSION = 3.0;
			};
			name = Release;
		};
		348999831E560E47008FCB05 /* Debug */ = {
			isa = XCBuildConfiguration;
			buildSettings = {
				DEVELOPMENT_TEAM = F6E5E2Y5US;
				INFOPLIST_FILE = KuvaUITests/Info.plist;
				LD_RUNPATH_SEARCH_PATHS = "$(inherited) @executable_path/Frameworks @loader_path/Frameworks";
				PRODUCT_BUNDLE_IDENTIFIER = edu.purdue.kuva.KuvaUITests;
				PRODUCT_NAME = "$(TARGET_NAME)";
				SWIFT_VERSION = 3.0;
				TEST_TARGET_NAME = Kuva;
			};
			name = Debug;
		};
		348999841E560E47008FCB05 /* Release */ = {
			isa = XCBuildConfiguration;
			buildSettings = {
				DEVELOPMENT_TEAM = F6E5E2Y5US;
				INFOPLIST_FILE = KuvaUITests/Info.plist;
				LD_RUNPATH_SEARCH_PATHS = "$(inherited) @executable_path/Frameworks @loader_path/Frameworks";
				PRODUCT_BUNDLE_IDENTIFIER = edu.purdue.kuva.KuvaUITests;
				PRODUCT_NAME = "$(TARGET_NAME)";
				SWIFT_VERSION = 3.0;
				TEST_TARGET_NAME = Kuva;
			};
			name = Release;
		};
/* End XCBuildConfiguration section */

/* Begin XCConfigurationList section */
		34231EB71E3FF2A800905367 /* Build configuration list for PBXProject "Kuva" */ = {
			isa = XCConfigurationList;
			buildConfigurations = (
				34231ECC1E3FF2A800905367 /* Debug */,
				34231ECD1E3FF2A800905367 /* Release */,
			);
			defaultConfigurationIsVisible = 0;
			defaultConfigurationName = Release;
		};
		34231ECE1E3FF2A800905367 /* Build configuration list for PBXNativeTarget "Kuva" */ = {
			isa = XCConfigurationList;
			buildConfigurations = (
				34231ECF1E3FF2A800905367 /* Debug */,
				34231ED01E3FF2A800905367 /* Release */,
			);
			defaultConfigurationIsVisible = 0;
			defaultConfigurationName = Release;
		};
		348999821E560E47008FCB05 /* Build configuration list for PBXNativeTarget "KuvaUITests" */ = {
			isa = XCConfigurationList;
			buildConfigurations = (
				348999831E560E47008FCB05 /* Debug */,
				348999841E560E47008FCB05 /* Release */,
			);
			defaultConfigurationIsVisible = 0;
		};
/* End XCConfigurationList section */
	};
	rootObject = 34231EB41E3FF2A800905367 /* Project object */;
}
