PODS:
  - Alamofire (4.3.0)
  - AlamofireImage (3.2.0):
    - Alamofire (~> 4.1)
  - JWTDecode (2.0.0)
  - KeychainSwift (7.0.0)
  - SwiftyJSON (3.1.4)

DEPENDENCIES:
  - Alamofire (~> 4.3)
  - AlamofireImage (~> 3.1)
  - JWTDecode (~> 2.0.0)
  - KeychainSwift (~> 7.0)
  - SwiftyJSON (~> 3.1.4)

SPEC CHECKSUMS:
  Alamofire: 856a113053a7bc9cbe5d6367a555d773fc5cfef7
  AlamofireImage: 157ed682cc81d3b9db4fb90c1f12180ac552d93b
  JWTDecode: 178e47e5d28d3abcff778bacced8342858cd6cb5
  KeychainSwift: b6947435dd78cc442c64a84ae648dd0e871cf448
  SwiftyJSON: c2842d878f95482ffceec5709abc3d05680c0220

PODFILE CHECKSUM: b3c149fc0dde02af743807b2a6106da9d4d3dba4

COCOAPODS: 1.2.0
